
Microsoft Visual Studio Solution File, Format Version 12.00
# Visual Studio Version 16
VisualStudioVersion = 16.0.33529.622
MinimumVisualStudioVersion = 10.0.40219.1
Project("{C9674DCB-5085-4A16-B785-4C70DD1589BD}") = "Question2", "Question2\Question2.dtproj", "{02C4775E-651F-448C-9272-77DF0D6BCDF7}"
EndProject
Global
	GlobalSection(SolutionConfigurationPlatforms) = preSolution
		Development|Default = Development|Default
	EndGlobalSection
	GlobalSection(ProjectConfigurationPlatforms) = postSolution
		{02C4775E-651F-448C-9272-77DF0D6BCDF7}.Development|Default.ActiveCfg = Development
		{02C4775E-651F-448C-9272-77DF0D6BCDF7}.Development|Default.Build.0 = Development
	EndGlobalSection
	GlobalSection(SolutionProperties) = preSolution
		HideSolutionNode = FALSE
	EndGlobalSection
	GlobalSection(ExtensibilityGlobals) = postSolution
		SolutionGuid = {3DDB8B56-FD3D-4183-B55F-0BA5C0018770}
	EndGlobalSection
EndGlobal
